// !$*UTF8*$!
{
	archiveVersion = 1;
	classes = {
	};
	objectVersion = 50;
	objects = {

/* Begin PBXBuildFile section */
		14DADE392270BE09004F3CCB /* AppDelegate.swift in Sources */ = {isa = PBXBuildFile; fileRef = 14DADE382270BE09004F3CCB /* AppDelegate.swift */; };
		14DADE3B2270BE09004F3CCB /* ViewController.swift in Sources */ = {isa = PBXBuildFile; fileRef = 14DADE3A2270BE09004F3CCB /* ViewController.swift */; };
		14DADE3E2270BE09004F3CCB /* Main.storyboard in Resources */ = {isa = PBXBuildFile; fileRef = 14DADE3C2270BE09004F3CCB /* Main.storyboard */; };
		14DADE402270BE0B004F3CCB /* Assets.xcassets in Resources */ = {isa = PBXBuildFile; fileRef = 14DADE3F2270BE0B004F3CCB /* Assets.xcassets */; };
		14DADE432270BE0B004F3CCB /* LaunchScreen.storyboard in Resources */ = {isa = PBXBuildFile; fileRef = 14DADE412270BE0B004F3CCB /* LaunchScreen.storyboard */; };
		14DADE4B2270CA04004F3CCB /* Inceptionv3.mlmodel in Sources */ = {isa = PBXBuildFile; fileRef = 14DADE4A2270CA04004F3CCB /* Inceptionv3.mlmodel */; };
		A45B5A39E773336C2939FA77 /* Pods_SeeFood.framework in Frameworks */ = {isa = PBXBuildFile; fileRef = C5C8621AC438BEDF2470FA18 /* Pods_SeeFood.framework */; };
/* End PBXBuildFile section */

/* Begin PBXFileReference section */
		14DADE352270BE09004F3CCB /* SeeFood.app */ = {isa = PBXFileReference; explicitFileType = wrapper.application; includeInIndex = 0; path = SeeFood.app; sourceTree = BUILT_PRODUCTS_DIR; };
		14DADE382270BE09004F3CCB /* AppDelegate.swift */ = {isa = PBXFileReference; lastKnownFileType = sourcecode.swift; path = AppDelegate.swift; sourceTree = "<group>"; };
		14DADE3A2270BE09004F3CCB /* ViewController.swift */ = {isa = PBXFileReference; lastKnownFileType = sourcecode.swift; path = ViewController.swift; sourceTree = "<group>"; };
		14DADE3D2270BE09004F3CCB /* Base */ = {isa = PBXFileReference; lastKnownFileType = file.storyboard; name = Base; path = Base.lproj/Main.storyboard; sourceTree = "<group>"; };
		14DADE3F2270BE0B004F3CCB /* Assets.xcassets */ = {isa = PBXFileReference; lastKnownFileType = folder.assetcatalog; path = Assets.xcassets; sourceTree = "<group>"; };
		14DADE422270BE0B004F3CCB /* Base */ = {isa = PBXFileReference; lastKnownFileType = file.storyboard; name = Base; path = Base.lproj/LaunchScreen.storyboard; sourceTree = "<group>"; };
		14DADE442270BE0B004F3CCB /* Info.plist */ = {isa = PBXFileReference; lastKnownFileType = text.plist.xml; path = Info.plist; sourceTree = "<group>"; };
		14DADE4A2270CA04004F3CCB /* Inceptionv3.mlmodel */ = {isa = PBXFileReference; lastKnownFileType = file.mlmodel; path = Inceptionv3.mlmodel; sourceTree = "<group>"; };
		C5C8621AC438BEDF2470FA18 /* Pods_SeeFood.framework */ = {isa = PBXFileReference; explicitFileType = wrapper.framework; includeInIndex = 0; path = Pods_SeeFood.framework; sourceTree = BUILT_PRODUCTS_DIR; };
		D2C9DB93667D830489BF1D01 /* Pods-SeeFood.release.xcconfig */ = {isa = PBXFileReference; includeInIndex = 1; lastKnownFileType = text.xcconfig; name = "Pods-SeeFood.release.xcconfig"; path = "Target Support Files/Pods-SeeFood/Pods-SeeFood.release.xcconfig"; sourceTree = "<group>"; };
		DC4B0BCF3169EACF9AC73AF5 /* Pods-SeeFood.debug.xcconfig */ = {isa = PBXFileReference; includeInIndex = 1; lastKnownFileType = text.xcconfig; name = "Pods-SeeFood.debug.xcconfig"; path = "Target Support Files/Pods-SeeFood/Pods-SeeFood.debug.xcconfig"; sourceTree = "<group>"; };
/* End PBXFileReference section */

/* Begin PBXFrameworksBuildPhase section */
		14DADE322270BE09004F3CCB /* Frameworks */ = {
			isa = PBXFrameworksBuildPhase;
			buildActionMask = 2147483647;
			files = (
				A45B5A39E773336C2939FA77 /* Pods_SeeFood.framework in Frameworks */,
			);
			runOnlyForDeploymentPostprocessing = 0;
		};
/* End PBXFrameworksBuildPhase section */

/* Begin PBXGroup section */
		062844AAEF201DC6327D488E /* Frameworks */ = {
			isa = PBXGroup;
			children = (
				C5C8621AC438BEDF2470FA18 /* Pods_SeeFood.framework */,
			);
			name = Frameworks;
			sourceTree = "<group>";
		};
		0AF38132C4CD5A95FA10DA31 /* Pods */ = {
			isa = PBXGroup;
			children = (
				DC4B0BCF3169EACF9AC73AF5 /* Pods-SeeFood.debug.xcconfig */,
				D2C9DB93667D830489BF1D01 /* Pods-SeeFood.release.xcconfig */,
			);
			name = Pods;
			path = Pods;
			sourceTree = "<group>";
		};
		14DADE2C2270BE09004F3CCB = {
			isa = PBXGroup;
			children = (
				14DADE372270BE09004F3CCB /* SeeFood */,
				14DADE362270BE09004F3CCB /* Products */,
				0AF38132C4CD5A95FA10DA31 /* Pods */,
				062844AAEF201DC6327D488E /* Frameworks */,
			);
			sourceTree = "<group>";
		};
		14DADE362270BE09004F3CCB /* Products */ = {
			isa = PBXGroup;
			children = (
				14DADE352270BE09004F3CCB /* SeeFood.app */,
			);
			name = Products;
			sourceTree = "<group>";
		};
		14DADE372270BE09004F3CCB /* SeeFood */ = {
			isa = PBXGroup;
			children = (
				14DADE382270BE09004F3CCB /* AppDelegate.swift */,
				14DADE3A2270BE09004F3CCB /* ViewController.swift */,
				14DADE3C2270BE09004F3CCB /* Main.storyboard */,
				14DADE3F2270BE0B004F3CCB /* Assets.xcassets */,
				14DADE412270BE0B004F3CCB /* LaunchScreen.storyboard */,
				14DADE442270BE0B004F3CCB /* Info.plist */,
				14DADE4A2270CA04004F3CCB /* Inceptionv3.mlmodel */,
			);
			path = SeeFood;
			sourceTree = "<group>";
		};
/* End PBXGroup section */

/* Begin PBXNativeTarget section */
		14DADE342270BE09004F3CCB /* SeeFood */ = {
			isa = PBXNativeTarget;
			buildConfigurationList = 14DADE472270BE0B004F3CCB /* Build configuration list for PBXNativeTarget "SeeFood" */;
			buildPhases = (
				1FC828976018ACA492C5C81F /* [CP] Check Pods Manifest.lock */,
				14DADE312270BE09004F3CCB /* Sources */,
				14DADE322270BE09004F3CCB /* Frameworks */,
				14DADE332270BE09004F3CCB /* Resources */,
				727302CB7D3E20622310D2A4 /* [CP] Embed Pods Frameworks */,
			);
			buildRules = (
			);
			dependencies = (
			);
			name = SeeFood;
			productName = SeeFood;
			productReference = 14DADE352270BE09004F3CCB /* SeeFood.app */;
			productType = "com.apple.product-type.application";
		};
/* End PBXNativeTarget section */

/* Begin PBXProject section */
		14DADE2D2270BE09004F3CCB /* Project object */ = {
			isa = PBXProject;
			attributes = {
				LastSwiftUpdateCheck = 1020;
				LastUpgradeCheck = 1020;
				ORGANIZATIONNAME = "Isaac Iniongun";
				TargetAttributes = {
					14DADE342270BE09004F3CCB = {
						CreatedOnToolsVersion = 10.2.1;
					};
				};
			};
			buildConfigurationList = 14DADE302270BE09004F3CCB /* Build configuration list for PBXProject "SeeFood" */;
			compatibilityVersion = "Xcode 9.3";
			developmentRegion = en;
			hasScannedForEncodings = 0;
			knownRegions = (
				en,
				Base,
			);
			mainGroup = 14DADE2C2270BE09004F3CCB;
			productRefGroup = 14DADE362270BE09004F3CCB /* Products */;
			projectDirPath = "";
			projectRoot = "";
			targets = (
				14DADE342270BE09004F3CCB /* SeeFood */,
			);
		};
/* End PBXProject section */

/* Begin PBXResourcesBuildPhase section */
		14DADE332270BE09004F3CCB /* Resources */ = {
			isa = PBXResourcesBuildPhase;
			buildActionMask = 2147483647;
			files = (
				14DADE432270BE0B004F3CCB /* LaunchScreen.storyboard in Resources */,
				14DADE402270BE0B004F3CCB /* Assets.xcassets in Resources */,
				14DADE3E2270BE09004F3CCB /* Main.storyboard in Resources */,
			);
			runOnlyForDeploymentPostprocessing = 0;
		};
/* End PBXResourcesBuildPhase section */

/* Begin PBXShellScriptBuildPhase section */
		1FC828976018ACA492C5C81F /* [CP] Check Pods Manifest.lock */ = {
			isa = PBXShellScriptBuildPhase;
			buildActionMask = 2147483647;
			files = (
			);
			inputFileListPaths = (
			);
			inputPaths = (
				"${PODS_PODFILE_DIR_PATH}/Podfile.lock",
				"${PODS_ROOT}/Manifest.lock",
			);
			name = "[CP] Check Pods Manifest.lock";
			outputFileListPaths = (
			);
			outputPaths = (
				"$(DERIVED_FILE_DIR)/Pods-SeeFood-checkManifestLockResult.txt",
			);
			runOnlyForDeploymentPostprocessing = 0;
			shellPath = /bin/sh;
			shellScript = "diff \"${PODS_PODFILE_DIR_PATH}/Podfile.lock\" \"${PODS_ROOT}/Manifest.lock\" > /dev/null\nif [ $? != 0 ] ; then\n    # print error to STDERR\n    echo \"error: The sandbox is not in sync with the Podfile.lock. Run 'pod install' or update your CocoaPods installation.\" >&2\n    exit 1\nfi\n# This output is used by Xcode 'outputs' to avoid re-running this script phase.\necho \"SUCCESS\" > \"${SCRIPT_OUTPUT_FILE_0}\"\n";
			showEnvVarsInLog = 0;
		};
		727302CB7D3E20622310D2A4 /* [CP] Embed Pods Frameworks */ = {
			isa = PBXShellScriptBuildPhase;
			buildActionMask = 2147483647;
			files = (
			);
			inputFileListPaths = (
			);
			inputPaths = (
				"${PODS_ROOT}/Target Support Files/Pods-SeeFood/Pods-SeeFood-frameworks.sh",
				"${BUILT_PRODUCTS_DIR}/ChameleonFramework/ChameleonFramework.framework",
			);
			name = "[CP] Embed Pods Frameworks";
			outputFileListPaths = (
			);
			outputPaths = (
				"${TARGET_BUILD_DIR}/${FRAMEWORKS_FOLDER_PATH}/ChameleonFramework.framework",
			);
			runOnlyForDeploymentPostprocessing = 0;
			shellPath = /bin/sh;
			shellScript = "\"${PODS_ROOT}/Target Support Files/Pods-SeeFood/Pods-SeeFood-frameworks.sh\"\n";
			showEnvVarsInLog = 0;
		};
/* End PBXShellScriptBuildPhase section */

/* Begin PBXSourcesBuildPhase section */
		14DADE312270BE09004F3CCB /* Sources */ = {
			isa = PBXSourcesBuildPhase;
			buildActionMask = 2147483647;
			files = (
				14DADE3B2270BE09004F3CCB /* ViewController.swift in Sources */,
				14DADE4B2270CA04004F3CCB /* Inceptionv3.mlmodel in Sources */,
				14DADE392270BE09004F3CCB /* AppDelegate.swift in Sources */,
			);
			runOnlyForDeploymentPostprocessing = 0;
		};
/* End PBXSourcesBuildPhase section */

/* Begin PBXVariantGroup section */
		14DADE3C2270BE09004F3CCB /* Main.storyboard */ = {
			isa = PBXVariantGroup;
			children = (
				14DADE3D2270BE09004F3CCB /* Base */,
			);
			name = Main.storyboard;
			sourceTree = "<group>";
		};
		14DADE412270BE0B004F3CCB /* LaunchScreen.storyboard */ = {
			isa = PBXVariantGroup;
			children = (
				14DADE422270BE0B004F3CCB /* Base */,
			);
			name = LaunchScreen.storyboard;
			sourceTree = "<group>";
		};
/* End PBXVariantGroup section */

/* Begin XCBuildConfiguration section */
		14DADE452270BE0B004F3CCB /* Debug */ = {
			isa = XCBuildConfiguration;
			buildSettings = {
				ALWAYS_SEARCH_USER_PATHS = NO;
				CLANG_ANALYZER_NONNULL = YES;
				CLANG_ANALYZER_NUMBER_OBJECT_CONVERSION = YES_AGGRESSIVE;
				CLANG_CXX_LANGUAGE_STANDARD = "gnu++14";
				CLANG_CXX_LIBRARY = "libc++";
				CLANG_ENABLE_MODULES = YES;
				CLANG_ENABLE_OBJC_ARC = YES;
				CLANG_ENABLE_OBJC_WEAK = YES;
				CLANG_WARN_BLOCK_CAPTURE_AUTORELEASING = YES;
				CLANG_WARN_BOOL_CONVERSION = YES;
				CLANG_WARN_COMMA = YES;
				CLANG_WARN_CONSTANT_CONVERSION = YES;
				CLANG_WARN_DEPRECATED_OBJC_IMPLEMENTATIONS = YES;
				CLANG_WARN_DIRECT_OBJC_ISA_USAGE = YES_ERROR;
				CLANG_WARN_DOCUMENTATION_COMMENTS = YES;
				CLANG_WARN_EMPTY_BODY = YES;
				CLANG_WARN_ENUM_CONVERSION = YES;
				CLANG_WARN_INFINITE_RECURSION = YES;
				CLANG_WARN_INT_CONVERSION = YES;
				CLANG_WARN_NON_LITERAL_NULL_CONVERSION = YES;
				CLANG_WARN_OBJC_IMPLICIT_RETAIN_SELF = YES;
				CLANG_WARN_OBJC_LITERAL_CONVERSION = YES;
				CLANG_WARN_OBJC_ROOT_CLASS = YES_ERROR;
				CLANG_WARN_RANGE_LOOP_ANALYSIS = YES;
				CLANG_WARN_STRICT_PROTOTYPES = YES;
				CLANG_WARN_SUSPICIOUS_MOVE = YES;
				CLANG_WARN_UNGUARDED_AVAILABILITY = YES_AGGRESSIVE;
				CLANG_WARN_UNREACHABLE_CODE = YES;
				CLANG_WARN__DUPLICATE_METHOD_MATCH = YES;
				CODE_SIGN_IDENTITY = "iPhone Developer";
				COPY_PHASE_STRIP = NO;
				DEBUG_INFORMATION_FORMAT = dwarf;
				ENABLE_STRICT_OBJC_MSGSEND = YES;
				ENABLE_TESTABILITY = YES;
				GCC_C_LANGUAGE_STANDARD = gnu11;
				GCC_DYNAMIC_NO_PIC = NO;
				GCC_NO_COMMON_BLOCKS = YES;
				GCC_OPTIMIZATION_LEVEL = 0;
				GCC_PREPROCESSOR_DEFINITIONS = (
					"DEBUG=1",
					"$(inherited)",
				);
				GCC_WARN_64_TO_32_BIT_CONVERSION = YES;
				GCC_WARN_ABOUT_RETURN_TYPE = YES_ERROR;
				GCC_WARN_UNDECLARED_SELECTOR = YES;
				GCC_WARN_UNINITIALIZED_AUTOS = YES_AGGRESSIVE;
				GCC_WARN_UNUSED_FUNCTION = YES;
				GCC_WARN_UNUSED_VARIABLE = YES;
				IPHONEOS_DEPLOYMENT_TARGET = 12.2;
				MTL_ENABLE_DEBUG_INFO = INCLUDE_SOURCE;
				MTL_FAST_MATH = YES;
				ONLY_ACTIVE_ARCH = YES;
				SDKROOT = iphoneos;
				SWIFT_ACTIVE_COMPILATION_CONDITIONS = DEBUG;
				SWIFT_OPTIMIZATION_LEVEL = "-Onone";
			};
			name = Debug;
		};
		14DADE462270BE0B004F3CCB /* Release */ = {
			isa = XCBuildConfiguration;
			buildSettings = {
				ALWAYS_SEARCH_USER_PATHS = NO;
				CLANG_ANALYZER_NONNULL = YES;
				CLANG_ANALYZER_NUMBER_OBJECT_CONVERSION = YES_AGGRESSIVE;
				CLANG_CXX_LANGUAGE_STANDARD = "gnu++14";
				CLANG_CXX_LIBRARY = "libc++";
				CLANG_ENABLE_MODULES = YES;
				CLANG_ENABLE_OBJC_ARC = YES;
				CLANG_ENABLE_OBJC_WEAK = YES;
				CLANG_WARN_BLOCK_CAPTURE_AUTORELEASING = YES;
				CLANG_WARN_BOOL_CONVERSION = YES;
				CLANG_WARN_COMMA = YES;
				CLANG_WARN_CONSTANT_CONVERSION = YES;
				CLANG_WARN_DEPRECATED_OBJC_IMPLEMENTATIONS = YES;
				CLANG_WARN_DIRECT_OBJC_ISA_USAGE = YES_ERROR;
				CLANG_WARN_DOCUMENTATION_COMMENTS = YES;
				CLANG_WARN_EMPTY_BODY = YES;
				CLANG_WARN_ENUM_CONVERSION = YES;
				CLANG_WARN_INFINITE_RECURSION = YES;
				CLANG_WARN_INT_CONVERSION = YES;
				CLANG_WARN_NON_LITERAL_NULL_CONVERSION = YES;
				CLANG_WARN_OBJC_IMPLICIT_RETAIN_SELF = YES;
				CLANG_WARN_OBJC_LITERAL_CONVERSION = YES;
				CLANG_WARN_OBJC_ROOT_CLASS = YES_ERROR;
				CLANG_WARN_RANGE_LOOP_ANALYSIS = YES;
				CLANG_WARN_STRICT_PROTOTYPES = YES;
				CLANG_WARN_SUSPICIOUS_MOVE = YES;
				CLANG_WARN_UNGUARDED_AVAILABILITY = YES_AGGRESSIVE;
				CLANG_WARN_UNREACHABLE_CODE = YES;
				CLANG_WARN__DUPLICATE_METHOD_MATCH = YES;
				CODE_SIGN_IDENTITY = "iPhone Developer";
				COPY_PHASE_STRIP = NO;
				DEBUG_INFORMATION_FORMAT = "dwarf-with-dsym";
				ENABLE_NS_ASSERTIONS = NO;
				ENABLE_STRICT_OBJC_MSGSEND = YES;
				GCC_C_LANGUAGE_STANDARD = gnu11;
				GCC_NO_COMMON_BLOCKS = YES;
				GCC_WARN_64_TO_32_BIT_CONVERSION = YES;
				GCC_WARN_ABOUT_RETURN_TYPE = YES_ERROR;
				GCC_WARN_UNDECLARED_SELECTOR = YES;
				GCC_WARN_UNINITIALIZED_AUTOS = YES_AGGRESSIVE;
				GCC_WARN_UNUSED_FUNCTION = YES;
				GCC_WARN_UNUSED_VARIABLE = YES;
				IPHONEOS_DEPLOYMENT_TARGET = 12.2;
				MTL_ENABLE_DEBUG_INFO = NO;
				MTL_FAST_MATH = YES;
				SDKROOT = iphoneos;
				SWIFT_COMPILATION_MODE = wholemodule;
				SWIFT_OPTIMIZATION_LEVEL = "-O";
				VALIDATE_PRODUCT = YES;
			};
			name = Release;
		};
		14DADE482270BE0B004F3CCB /* Debug */ = {
			isa = XCBuildConfiguration;
			baseConfigurationReference = DC4B0BCF3169EACF9AC73AF5 /* Pods-SeeFood.debug.xcconfig */;
			buildSettings = {
				ASSETCATALOG_COMPILER_APPICON_NAME = AppIcon;
				CODE_SIGN_STYLE = Automatic;
				DEVELOPMENT_TEAM = 3W6S8FM5ZF;
				INFOPLIST_FILE = SeeFood/Info.plist;
				LD_RUNPATH_SEARCH_PATHS = (
					"$(inherited)",
					"@executable_path/Frameworks",
				);
				PRODUCT_BUNDLE_IDENTIFIER = com.iniongungroups.SeeFood;
				PRODUCT_NAME = "$(TARGET_NAME)";
				SWIFT_VERSION = 5.0;
				TARGETED_DEVICE_FAMILY = "1,2";
			};
			name = Debug;
		};
		14DADE492270BE0B004F3CCB /* Release */ = {
			isa = XCBuildConfiguration;
			baseConfigurationReference = D2C9DB93667D830489BF1D01 /* Pods-SeeFood.release.xcconfig */;
			buildSettings = {
				ASSETCATALOG_COMPILER_APPICON_NAME = AppIcon;
				CODE_SIGN_STYLE = Automatic;
				DEVELOPMENT_TEAM = 3W6S8FM5ZF;
				INFOPLIST_FILE = SeeFood/Info.plist;
				LD_RUNPATH_SEARCH_PATHS = (
					"$(inherited)",
					"@executable_path/Frameworks",
				);
				PRODUCT_BUNDLE_IDENTIFIER = com.iniongungroups.SeeFood;
				PRODUCT_NAME = "$(TARGET_NAME)";
				SWIFT_VERSION = 5.0;
				TARGETED_DEVICE_FAMILY = "1,2";
			};
			name = Release;
		};
/* End XCBuildConfiguration section */

/* Begin XCConfigurationList section */
		14DADE302270BE09004F3CCB /* Build configuration list for PBXProject "SeeFood" */ = {
			isa = XCConfigurationList;
			buildConfigurations = (
				14DADE452270BE0B004F3CCB /* Debug */,
				14DADE462270BE0B004F3CCB /* Release */,
			);
			defaultConfigurationIsVisible = 0;
			defaultConfigurationName = Release;
		};
		14DADE472270BE0B004F3CCB /* Build configuration list for PBXNativeTarget "SeeFood" */ = {
			isa = XCConfigurationList;
			buildConfigurations = (
				14DADE482270BE0B004F3CCB /* Debug */,
				14DADE492270BE0B004F3CCB /* Release */,
			);
			defaultConfigurationIsVisible = 0;
			defaultConfigurationName = Release;
		};
/* End XCConfigurationList section */
	};
	rootObject = 14DADE2D2270BE09004F3CCB /* Project object */;
}
